
Microsoft Visual Studio Solution File, Format Version 12.00
Project("{FAE04EC0-301F-11D3-BF4B-00C04F79EFBC}") = "BlazorDash", "BlazorDash\BlazorDash.csproj", "{5C78F68F-FA4C-4718-897B-0C54833F7883}"
EndProject
Global
	GlobalSection(SolutionConfigurationPlatforms) = preSolution
		Debug|Any CPU = Debug|Any CPU
		Release|Any CPU = Release|Any CPU
	EndGlobalSection
	GlobalSection(ProjectConfigurationPlatforms) = postSolution
		{5C78F68F-FA4C-4718-897B-0C54833F7883}.Debug|Any CPU.ActiveCfg = Debug|Any CPU
		{5C78F68F-FA4C-4718-897B-0C54833F7883}.Debug|Any CPU.Build.0 = Debug|Any CPU
		{5C78F68F-FA4C-4718-897B-0C54833F7883}.Release|Any CPU.ActiveCfg = Release|Any CPU
		{5C78F68F-FA4C-4718-897B-0C54833F7883}.Release|Any CPU.Build.0 = Release|Any CPU
	EndGlobalSection
EndGlobal
